
Microsoft Visual Studio Solution File, Format Version 12.00
# Visual Studio Version 17
VisualStudioVersion = 17.5.33530.505
MinimumVisualStudioVersion = 10.0.40219.1
Project("{FAE04EC0-301F-11D3-BF4B-00C04F79EFBC}") = "TicTacToe", "TicTacToe\TicTacToe.csproj", "{1C706FBA-BD2A-423D-B86E-6B6D14EAF418}"
EndProject
Global
	GlobalSection(SolutionConfigurationPlatforms) = preSolution
		Debug|Any CPU = Debug|Any CPU
		Release|Any CPU = Release|Any CPU
	EndGlobalSection
	GlobalSection(ProjectConfigurationPlatforms) = postSolution
		{1C706FBA-BD2A-423D-B86E-6B6D14EAF418}.Debug|Any CPU.ActiveCfg = Debug|Any CPU
		{1C706FBA-BD2A-423D-B86E-6B6D14EAF418}.Debug|Any CPU.Build.0 = Debug|Any CPU
		{1C706FBA-BD2A-423D-B86E-6B6D14EAF418}.Release|Any CPU.ActiveCfg = Release|Any CPU
		{1C706FBA-BD2A-423D-B86E-6B6D14EAF418}.Release|Any CPU.Build.0 = Release|Any CPU
	EndGlobalSection
	GlobalSection(SolutionProperties) = preSolution
		HideSolutionNode = FALSE
	EndGlobalSection
	GlobalSection(ExtensibilityGlobals) = postSolution
		SolutionGuid = {28F1B102-6A99-41A5-B12D-6FCB99DB9696}
	EndGlobalSection
EndGlobal
